// !$*UTF8*$!
{
	archiveVersion = 1;
	classes = {
	};
	objectVersion = 46;
	objects = {

/* Begin PBXBuildFile section */
		F390DBB41B4AB861004189CA /* VideoTexture.m in Sources */ = {isa = PBXBuildFile; fileRef = F390DBB31B4AB861004189CA /* VideoTexture.m */; };
		F3CC5F001B4594D500228E00 /* AppDelegate.swift in Sources */ = {isa = PBXBuildFile; fileRef = F3CC5EFF1B4594D500228E00 /* AppDelegate.swift */; };
		F3CC5F021B4594D500228E00 /* GameViewController.swift in Sources */ = {isa = PBXBuildFile; fileRef = F3CC5F011B4594D500228E00 /* GameViewController.swift */; };
		F3CC5F041B4594D500228E00 /* Shaders.metal in Sources */ = {isa = PBXBuildFile; fileRef = F3CC5F031B4594D500228E00 /* Shaders.metal */; };
		F3CC5F071B4594D500228E00 /* Main.storyboard in Resources */ = {isa = PBXBuildFile; fileRef = F3CC5F051B4594D500228E00 /* Main.storyboard */; };
		F3CC5F091B4594D500228E00 /* Images.xcassets in Resources */ = {isa = PBXBuildFile; fileRef = F3CC5F081B4594D500228E00 /* Images.xcassets */; };
		F3CC5F0C1B4594D500228E00 /* LaunchScreen.xib in Resources */ = {isa = PBXBuildFile; fileRef = F3CC5F0A1B4594D500228E00 /* LaunchScreen.xib */; };
/* End PBXBuildFile section */

/* Begin PBXFileReference section */
		F390DBB11B4AB861004189CA /* VideoTexture-Bridging-Header.h */ = {isa = PBXFileReference; fileEncoding = 4; lastKnownFileType = sourcecode.c.h; name = "VideoTexture-Bridging-Header.h"; path = "VideoTexture/VideoTexture-Bridging-Header.h"; sourceTree = "<group>"; };
		F390DBB21B4AB861004189CA /* VideoTexture.h */ = {isa = PBXFileReference; fileEncoding = 4; lastKnownFileType = sourcecode.c.h; name = VideoTexture.h; path = VideoTexture/VideoTexture.h; sourceTree = "<group>"; };
		F390DBB31B4AB861004189CA /* VideoTexture.m */ = {isa = PBXFileReference; fileEncoding = 4; lastKnownFileType = sourcecode.c.objc; name = VideoTexture.m; path = VideoTexture/VideoTexture.m; sourceTree = "<group>"; };
		F3CC5EFA1B4594D500228E00 /* VideoTextureTest.app */ = {isa = PBXFileReference; explicitFileType = wrapper.application; includeInIndex = 0; path = VideoTextureTest.app; sourceTree = BUILT_PRODUCTS_DIR; };
		F3CC5EFE1B4594D500228E00 /* Info.plist */ = {isa = PBXFileReference; lastKnownFileType = text.plist.xml; path = Info.plist; sourceTree = "<group>"; };
		F3CC5EFF1B4594D500228E00 /* AppDelegate.swift */ = {isa = PBXFileReference; lastKnownFileType = sourcecode.swift; path = AppDelegate.swift; sourceTree = "<group>"; };
		F3CC5F011B4594D500228E00 /* GameViewController.swift */ = {isa = PBXFileReference; lastKnownFileType = sourcecode.swift; path = GameViewController.swift; sourceTree = "<group>"; };
		F3CC5F031B4594D500228E00 /* Shaders.metal */ = {isa = PBXFileReference; lastKnownFileType = sourcecode.metal; path = Shaders.metal; sourceTree = "<group>"; };
		F3CC5F061B4594D500228E00 /* Base */ = {isa = PBXFileReference; lastKnownFileType = file.storyboard; name = Base; path = Base.lproj/Main.storyboard; sourceTree = "<group>"; };
		F3CC5F081B4594D500228E00 /* Images.xcassets */ = {isa = PBXFileReference; lastKnownFileType = folder.assetcatalog; path = Images.xcassets; sourceTree = "<group>"; };
		F3CC5F0B1B4594D500228E00 /* Base */ = {isa = PBXFileReference; lastKnownFileType = file.xib; name = Base; path = Base.lproj/LaunchScreen.xib; sourceTree = "<group>"; };
/* End PBXFileReference section */

/* Begin PBXFrameworksBuildPhase section */
		F3CC5EF71B4594D500228E00 /* Frameworks */ = {
			isa = PBXFrameworksBuildPhase;
			buildActionMask = 2147483647;
			files = (
			);
			runOnlyForDeploymentPostprocessing = 0;
		};
/* End PBXFrameworksBuildPhase section */

/* Begin PBXGroup section */
		F3CC5EF11B4594D500228E00 = {
			isa = PBXGroup;
			children = (
				F3CC5F251B46A76F00228E00 /* VideoTexture */,
				F3CC5EFC1B4594D500228E00 /* VideoTextureTest */,
				F3CC5EFB1B4594D500228E00 /* Products */,
			);
			sourceTree = "<group>";
		};
		F3CC5EFB1B4594D500228E00 /* Products */ = {
			isa = PBXGroup;
			children = (
				F3CC5EFA1B4594D500228E00 /* VideoTextureTest.app */,
			);
			name = Products;
			sourceTree = "<group>";
		};
		F3CC5EFC1B4594D500228E00 /* VideoTextureTest */ = {
			isa = PBXGroup;
			children = (
				F3CC5EFF1B4594D500228E00 /* AppDelegate.swift */,
				F3CC5F011B4594D500228E00 /* GameViewController.swift */,
				F3CC5F031B4594D500228E00 /* Shaders.metal */,
				F3CC5F051B4594D500228E00 /* Main.storyboard */,
				F3CC5F081B4594D500228E00 /* Images.xcassets */,
				F3CC5F0A1B4594D500228E00 /* LaunchScreen.xib */,
				F3CC5EFD1B4594D500228E00 /* Supporting Files */,
			);
			path = VideoTextureTest;
			sourceTree = "<group>";
		};
		F3CC5EFD1B4594D500228E00 /* Supporting Files */ = {
			isa = PBXGroup;
			children = (
				F3CC5EFE1B4594D500228E00 /* Info.plist */,
			);
			name = "Supporting Files";
			sourceTree = "<group>";
		};
		F3CC5F251B46A76F00228E00 /* VideoTexture */ = {
			isa = PBXGroup;
			children = (
				F390DBB11B4AB861004189CA /* VideoTexture-Bridging-Header.h */,
				F390DBB21B4AB861004189CA /* VideoTexture.h */,
				F390DBB31B4AB861004189CA /* VideoTexture.m */,
			);
			name = VideoTexture;
			sourceTree = "<group>";
		};
/* End PBXGroup section */

/* Begin PBXNativeTarget section */
		F3CC5EF91B4594D500228E00 /* VideoTextureTest */ = {
			isa = PBXNativeTarget;
			buildConfigurationList = F3CC5F1B1B4594D500228E00 /* Build configuration list for PBXNativeTarget "VideoTextureTest" */;
			buildPhases = (
				F3CC5EF61B4594D500228E00 /* Sources */,
				F3CC5EF71B4594D500228E00 /* Frameworks */,
				F3CC5EF81B4594D500228E00 /* Resources */,
			);
			buildRules = (
			);
			dependencies = (
			);
			name = VideoTextureTest;
			productName = VideoTextureTest;
			productReference = F3CC5EFA1B4594D500228E00 /* VideoTextureTest.app */;
			productType = "com.apple.product-type.application";
		};
/* End PBXNativeTarget section */

/* Begin PBXProject section */
		F3CC5EF21B4594D500228E00 /* Project object */ = {
			isa = PBXProject;
			attributes = {
				LastUpgradeCheck = 0630;
				ORGANIZATIONNAME = "Sergey Parshukov";
				TargetAttributes = {
					F3CC5EF91B4594D500228E00 = {
						CreatedOnToolsVersion = 6.3.2;
					};
				};
			};
			buildConfigurationList = F3CC5EF51B4594D500228E00 /* Build configuration list for PBXProject "VideoTextureTest" */;
			compatibilityVersion = "Xcode 3.2";
			developmentRegion = English;
			hasScannedForEncodings = 0;
			knownRegions = (
				en,
				Base,
			);
			mainGroup = F3CC5EF11B4594D500228E00;
			productRefGroup = F3CC5EFB1B4594D500228E00 /* Products */;
			projectDirPath = "";
			projectRoot = "";
			targets = (
				F3CC5EF91B4594D500228E00 /* VideoTextureTest */,
			);
		};
/* End PBXProject section */

/* Begin PBXResourcesBuildPhase section */
		F3CC5EF81B4594D500228E00 /* Resources */ = {
			isa = PBXResourcesBuildPhase;
			buildActionMask = 2147483647;
			files = (
				F3CC5F071B4594D500228E00 /* Main.storyboard in Resources */,
				F3CC5F0C1B4594D500228E00 /* LaunchScreen.xib in Resources */,
				F3CC5F091B4594D500228E00 /* Images.xcassets in Resources */,
			);
			runOnlyForDeploymentPostprocessing = 0;
		};
/* End PBXResourcesBuildPhase section */

/* Begin PBXSourcesBuildPhase section */
		F3CC5EF61B4594D500228E00 /* Sources */ = {
			isa = PBXSourcesBuildPhase;
			buildActionMask = 2147483647;
			files = (
				F3CC5F041B4594D500228E00 /* Shaders.metal in Sources */,
				F390DBB41B4AB861004189CA /* VideoTexture.m in Sources */,
				F3CC5F021B4594D500228E00 /* GameViewController.swift in Sources */,
				F3CC5F001B4594D500228E00 /* AppDelegate.swift in Sources */,
			);
			runOnlyForDeploymentPostprocessing = 0;
		};
/* End PBXSourcesBuildPhase section */

/* Begin PBXVariantGroup section */
		F3CC5F051B4594D500228E00 /* Main.storyboard */ = {
			isa = PBXVariantGroup;
			children = (
				F3CC5F061B4594D500228E00 /* Base */,
			);
			name = Main.storyboard;
			sourceTree = "<group>";
		};
		F3CC5F0A1B4594D500228E00 /* LaunchScreen.xib */ = {
			isa = PBXVariantGroup;
			children = (
				F3CC5F0B1B4594D500228E00 /* Base */,
			);
			name = LaunchScreen.xib;
			sourceTree = "<group>";
		};
/* End PBXVariantGroup section */

/* Begin XCBuildConfiguration section */
		F3CC5F191B4594D500228E00 /* Debug */ = {
			isa = XCBuildConfiguration;
			buildSettings = {
				ALWAYS_SEARCH_USER_PATHS = NO;
				CLANG_CXX_LANGUAGE_STANDARD = "gnu++0x";
				CLANG_CXX_LIBRARY = "libc++";
				CLANG_ENABLE_MODULES = YES;
				CLANG_ENABLE_OBJC_ARC = YES;
				CLANG_WARN_BOOL_CONVERSION = YES;
				CLANG_WARN_CONSTANT_CONVERSION = YES;
				CLANG_WARN_DIRECT_OBJC_ISA_USAGE = YES_ERROR;
				CLANG_WARN_EMPTY_BODY = YES;
				CLANG_WARN_ENUM_CONVERSION = YES;
				CLANG_WARN_INT_CONVERSION = YES;
				CLANG_WARN_OBJC_ROOT_CLASS = YES_ERROR;
				CLANG_WARN_UNREACHABLE_CODE = YES;
				CLANG_WARN__DUPLICATE_METHOD_MATCH = YES;
				"CODE_SIGN_IDENTITY[sdk=iphoneos*]" = "iPhone Developer";
				COPY_PHASE_STRIP = NO;
				DEBUG_INFORMATION_FORMAT = "dwarf-with-dsym";
				ENABLE_STRICT_OBJC_MSGSEND = YES;
				GCC_C_LANGUAGE_STANDARD = gnu99;
				GCC_DYNAMIC_NO_PIC = NO;
				GCC_NO_COMMON_BLOCKS = YES;
				GCC_OPTIMIZATION_LEVEL = 0;
				GCC_PREPROCESSOR_DEFINITIONS = (
					"DEBUG=1",
					"$(inherited)",
				);
				GCC_SYMBOLS_PRIVATE_EXTERN = NO;
				GCC_WARN_64_TO_32_BIT_CONVERSION = YES;
				GCC_WARN_ABOUT_RETURN_TYPE = YES_ERROR;
				GCC_WARN_UNDECLARED_SELECTOR = YES;
				GCC_WARN_UNINITIALIZED_AUTOS = YES_AGGRESSIVE;
				GCC_WARN_UNUSED_FUNCTION = YES;
				GCC_WARN_UNUSED_VARIABLE = YES;
				IPHONEOS_DEPLOYMENT_TARGET = 8.3;
				MTL_ENABLE_DEBUG_INFO = YES;
				ONLY_ACTIVE_ARCH = YES;
				SDKROOT = iphoneos;
				SWIFT_OPTIMIZATION_LEVEL = "-Onone";
			};
			name = Debug;
		};
		F3CC5F1A1B4594D500228E00 /* Release */ = {
			isa = XCBuildConfiguration;
			buildSettings = {
				ALWAYS_SEARCH_USER_PATHS = NO;
				CLANG_CXX_LANGUAGE_STANDARD = "gnu++0x";
				CLANG_CXX_LIBRARY = "libc++";
				CLANG_ENABLE_MODULES = YES;
				CLANG_ENABLE_OBJC_ARC = YES;
				CLANG_WARN_BOOL_CONVERSION = YES;
				CLANG_WARN_CONSTANT_CONVERSION = YES;
				CLANG_WARN_DIRECT_OBJC_ISA_USAGE = YES_ERROR;
				CLANG_WARN_EMPTY_BODY = YES;
				CLANG_WARN_ENUM_CONVERSION = YES;
				CLANG_WARN_INT_CONVERSION = YES;
				CLANG_WARN_OBJC_ROOT_CLASS = YES_ERROR;
				CLANG_WARN_UNREACHABLE_CODE = YES;
				CLANG_WARN__DUPLICATE_METHOD_MATCH = YES;
				"CODE_SIGN_IDENTITY[sdk=iphoneos*]" = "iPhone Developer";
				COPY_PHASE_STRIP = NO;
				DEBUG_INFORMATION_FORMAT = "dwarf-with-dsym";
				ENABLE_NS_ASSERTIONS = NO;
				ENABLE_STRICT_OBJC_MSGSEND = YES;
				GCC_C_LANGUAGE_STANDARD = gnu99;
				GCC_NO_COMMON_BLOCKS = YES;
				GCC_WARN_64_TO_32_BIT_CONVERSION = YES;
				GCC_WARN_ABOUT_RETURN_TYPE = YES_ERROR;
				GCC_WARN_UNDECLARED_SELECTOR = YES;
				GCC_WARN_UNINITIALIZED_AUTOS = YES_AGGRESSIVE;
				GCC_WARN_UNUSED_FUNCTION = YES;
				GCC_WARN_UNUSED_VARIABLE = YES;
				IPHONEOS_DEPLOYMENT_TARGET = 8.3;
				MTL_ENABLE_DEBUG_INFO = NO;
				SDKROOT = iphoneos;
				VALIDATE_PRODUCT = YES;
			};
			name = Release;
		};
		F3CC5F1C1B4594D500228E00 /* Debug */ = {
			isa = XCBuildConfiguration;
			buildSettings = {
				ASSETCATALOG_COMPILER_APPICON_NAME = AppIcon;
				CLANG_ENABLE_MODULES = YES;
				INFOPLIST_FILE = VideoTextureTest/Info.plist;
				LD_RUNPATH_SEARCH_PATHS = "$(inherited) @executable_path/Frameworks";
				PRODUCT_NAME = "$(TARGET_NAME)";
				SWIFT_OBJC_BRIDGING_HEADER = "VideoTexture/VideoTexture-Bridging-Header.h";
				SWIFT_OPTIMIZATION_LEVEL = "-Onone";
			};
			name = Debug;
		};
		F3CC5F1D1B4594D500228E00 /* Release */ = {
			isa = XCBuildConfiguration;
			buildSettings = {
				ASSETCATALOG_COMPILER_APPICON_NAME = AppIcon;
				CLANG_ENABLE_MODULES = YES;
				INFOPLIST_FILE = VideoTextureTest/Info.plist;
				LD_RUNPATH_SEARCH_PATHS = "$(inherited) @executable_path/Frameworks";
				PRODUCT_NAME = "$(TARGET_NAME)";
				SWIFT_OBJC_BRIDGING_HEADER = "VideoTexture/VideoTexture-Bridging-Header.h";
			};
			name = Release;
		};
/* End XCBuildConfiguration section */

/* Begin XCConfigurationList section */
		F3CC5EF51B4594D500228E00 /* Build configuration list for PBXProject "VideoTextureTest" */ = {
			isa = XCConfigurationList;
			buildConfigurations = (
				F3CC5F191B4594D500228E00 /* Debug */,
				F3CC5F1A1B4594D500228E00 /* Release */,
			);
			defaultConfigurationIsVisible = 0;
			defaultConfigurationName = Release;
		};
		F3CC5F1B1B4594D500228E00 /* Build configuration list for PBXNativeTarget "VideoTextureTest" */ = {
			isa = XCConfigurationList;
			buildConfigurations = (
				F3CC5F1C1B4594D500228E00 /* Debug */,
				F3CC5F1D1B4594D500228E00 /* Release */,
			);
			defaultConfigurationIsVisible = 0;
			defaultConfigurationName = Release;
		};
/* End XCConfigurationList section */
	};
	rootObject = F3CC5EF21B4594D500228E00 /* Project object */;
}
